{
  "originHash" : "2cf6acd6b6ca0cd70011438b9f06cbb5fd56f7c0837492e9a086da3c19ad5e53",
  "pins" : [
    {
      "identity" : "vectorcore",
      "kind" : "remoteSourceControl",
      "location" : "https://github.com/gifton/VectorCore",
      "state" : {
        "revision" : "ad39ab6f4904838e300b836a42c7376d6e11da26",
        "version" : "0.3.2"
      }
    }
  ],
  "version" : 3
}
