{
  "originHash" : "21e9cde7e069f664cfa5a5fd2a87b571ea8de755af6847bb543786fadbfefff6",
  "pins" : [
    {
      "identity" : "vectorcore",
      "kind" : "remoteSourceControl",
      "location" : "https://github.com/gifton/VectorCore",
      "state" : {
        "revision" : "8d9c0064855035533f6b61f0fad73c3e813cb7fd",
        "version" : "0.1.4"
      }
    }
  ],
  "version" : 3
}
