{
  "originHash" : "f5d362ed9cb45c8b8aada92e14b6837aaa404ffc57501dedc29a22033aec120b",
  "pins" : [
    {
      "identity" : "vectorcore",
      "kind" : "remoteSourceControl",
      "location" : "https://github.com/gifton/VectorCore",
      "state" : {
        "revision" : "506d3d2adc893fe1d24513b329568a6b834f20bc",
        "version" : "0.1.6"
      }
    }
  ],
  "version" : 3
}
